{
  "name": "js-deepseek-ops-skill",
  "version": "0.5.0",
  "lockfileVersion": 3,
  "requires": true,
  "packages": {
    "": {
      "name": "js-deepseek-ops-skill",
      "version": "0.5.0",
      "dependencies": {
        "@js-eyes/client-sdk": "^2.8.5",
        "@js-eyes/config": "^2.8.5",
        "@js-eyes/runtime-paths": "^2.8.5",
        "@js-eyes/skill-recording": "^2.8.5",
        "ws": "^8.21.0"
      },
      "engines": {
        "node": ">=22.0.0"
      }
    },
    "node_modules/@js-eyes/client-sdk": {
      "version": "2.8.5",
      "resolved": "https://registry.npmjs.org/@js-eyes/client-sdk/-/client-sdk-2.8.5.tgz",
      "integrity": "sha512-wWowQr7xQZJqE4ph052UIwdeUchw2/8q+aDQqBEaES1jJztc/QdzHUnEZCLtiyFkM0/WsUpFrrlM8jnLQh+MWg==",
      "license": "MIT",
      "dependencies": {
        "@js-eyes/protocol": "2.8.5",
        "@js-eyes/runtime-paths": "2.8.5",
        "ws": "^8.19.0"
      }
    },
    "node_modules/@js-eyes/config": {
      "version": "2.8.5",
      "resolved": "https://registry.npmjs.org/@js-eyes/config/-/config-2.8.5.tgz",
      "integrity": "sha512-Ug4+UFjM0HSw3DKVvXQMO58COvxF2bdIotBN4lTbLYn7eTAEP+UyYxOE1tH+BOyT/CZK8kziZcc6aHIBIb+UMQ==",
      "license": "MIT",
      "dependencies": {
        "@js-eyes/protocol": "2.8.5",
        "@js-eyes/runtime-paths": "2.8.5"
      }
    },
    "node_modules/@js-eyes/protocol": {
      "version": "2.8.5",
      "resolved": "https://registry.npmjs.org/@js-eyes/protocol/-/protocol-2.8.5.tgz",
      "integrity": "sha512-vw7Hgfm7CyytvlhhheOq2M1at6/NetvLvvIiXwTJyVrQe36bjvNkKYn+5SJ5SPbOtuh1FYNmNfu/9Qzw0b910g==",
      "license": "MIT"
    },
    "node_modules/@js-eyes/runtime-paths": {
      "version": "2.8.5",
      "resolved": "https://registry.npmjs.org/@js-eyes/runtime-paths/-/runtime-paths-2.8.5.tgz",
      "integrity": "sha512-XppiTSfE/UHcBSvvApiM5IOpdH+VWIhE3EItR5Zogdf4RZESUqQkVqUCesoYbc9Xr5ZePjumyIJ0v6s2szq33w==",
      "license": "MIT"
    },
    "node_modules/@js-eyes/skill-recording": {
      "version": "2.8.5",
      "resolved": "https://registry.npmjs.org/@js-eyes/skill-recording/-/skill-recording-2.8.5.tgz",
      "integrity": "sha512-04uLNA+u9GsPUj6HRdm793XU/2++U7Kj8NnWXHbJN+samjuDSYhT+2sHDzossLdTb6ZpERDmOLlUc/RQkuDo+g==",
      "license": "MIT",
      "dependencies": {
        "@js-eyes/runtime-paths": "2.8.5"
      }
    },
    "node_modules/ws": {
      "version": "8.21.1",
      "resolved": "https://registry.npmjs.org/ws/-/ws-8.21.1.tgz",
      "integrity": "sha512-+0NTnW77fFN/DjQi6k/Sq/Yvk4Sgajw7urW8V+asjXnRgDs9gyGkdb7EzgfhA4goXsRIZKE28fzIXBHEzhuiWw==",
      "license": "MIT",
      "engines": {
        "node": ">=10.0.0"
      },
      "peerDependencies": {
        "bufferutil": "^4.0.1",
        "utf-8-validate": ">=5.0.2"
      },
      "peerDependenciesMeta": {
        "bufferutil": {
          "optional": true
        },
        "utf-8-validate": {
          "optional": true
        }
      }
    }
  }
}
