{
  "name": "js-deepseek-ops-skill",
  "version": "0.7.0",
  "lockfileVersion": 3,
  "requires": true,
  "packages": {
    "": {
      "name": "js-deepseek-ops-skill",
      "version": "0.7.0",
      "dependencies": {
        "@js-eyes/client-sdk": "^2.10.0",
        "@js-eyes/config": "^2.10.0",
        "@js-eyes/runtime-paths": "^2.10.0",
        "@js-eyes/skill-recording": "^2.10.0",
        "@js-eyes/skill-scaffold": "^2.10.0",
        "ws": "^8.21.0"
      },
      "engines": {
        "node": ">=22.0.0"
      }
    },
    "node_modules/@js-eyes/client-sdk": {
      "version": "2.10.0",
      "resolved": "https://registry.npmjs.org/@js-eyes/client-sdk/-/client-sdk-2.10.0.tgz",
      "integrity": "sha512-vjqZOYs1mTfs5P3WJ8lPJb25ZedRLSytmGAOJSDrdbt1bn2Eo9Z5XAUYI23QuuLL2xQmIQSG0zMeOxWZ9v2BUw==",
      "license": "MIT",
      "dependencies": {
        "@js-eyes/policy": "2.10.0",
        "@js-eyes/protocol": "2.10.0",
        "@js-eyes/runtime-paths": "2.10.0",
        "ws": "^8.19.0"
      }
    },
    "node_modules/@js-eyes/config": {
      "version": "2.10.0",
      "resolved": "https://registry.npmjs.org/@js-eyes/config/-/config-2.10.0.tgz",
      "integrity": "sha512-DK0n/nNbUH9Ba7svbS1acbNetKIvcDv4jFSRX2Y9nuna9MENcAkUDahDV5bkfsOZZPclJCTE5rB22sw8yNUtug==",
      "license": "MIT",
      "dependencies": {
        "@js-eyes/protocol": "2.10.0",
        "@js-eyes/runtime-paths": "2.10.0"
      }
    },
    "node_modules/@js-eyes/policy": {
      "version": "2.10.0",
      "resolved": "https://registry.npmjs.org/@js-eyes/policy/-/policy-2.10.0.tgz",
      "integrity": "sha512-3x/nt7oMQlHKkgSuVl+wzbFroNkI8AIMyZbBb5+be1SuAaG8iJVT4LsYxufFe3Tb0mjhy5F+cmA18FbhTmHIXw==",
      "license": "MIT",
      "engines": {
        "node": ">=22.0.0"
      }
    },
    "node_modules/@js-eyes/protocol": {
      "version": "2.10.0",
      "resolved": "https://registry.npmjs.org/@js-eyes/protocol/-/protocol-2.10.0.tgz",
      "integrity": "sha512-TUklckOkJ3a1n9xMPnnJyO6CoXZiPG0+SCtksyFyMjpZNDL0AerRd95jSiUJWumu5MzIr4uGRS2wAvdGK6xYOA==",
      "license": "MIT"
    },
    "node_modules/@js-eyes/runtime-paths": {
      "version": "2.10.0",
      "resolved": "https://registry.npmjs.org/@js-eyes/runtime-paths/-/runtime-paths-2.10.0.tgz",
      "integrity": "sha512-ZE6fS28qRYRJOXo7B9BKUkA2can/jUyyEgCnkBxXbZ/Uc5X9Rouiw73RjI9du6x1vJx9+3lAfIWsOG1lSfpgsQ==",
      "license": "MIT"
    },
    "node_modules/@js-eyes/skill-recording": {
      "version": "2.10.0",
      "resolved": "https://registry.npmjs.org/@js-eyes/skill-recording/-/skill-recording-2.10.0.tgz",
      "integrity": "sha512-wiR3XmRlnmLP51/wKc+qoF2euYR6ohCiPO4AAwPqD1INpxGtE4ntv7e5WaIB3meVlAh4O3jJnEA6wfO/o65qgA==",
      "license": "MIT",
      "dependencies": {
        "@js-eyes/runtime-paths": "2.10.0"
      }
    },
    "node_modules/@js-eyes/skill-scaffold": {
      "version": "2.10.0",
      "resolved": "https://registry.npmjs.org/@js-eyes/skill-scaffold/-/skill-scaffold-2.10.0.tgz",
      "integrity": "sha512-w1YmQgACrGDxV/9Y8CpIIeXTIRQLryJL2rLNB9toHJ/2l8dhKZYJWZk9I61hQU6UPnt1p8ybQQ3uVRo9H5/ryw==",
      "license": "MIT",
      "engines": {
        "node": ">=22.0.0"
      }
    },
    "node_modules/ws": {
      "version": "8.21.1",
      "resolved": "https://registry.npmjs.org/ws/-/ws-8.21.1.tgz",
      "integrity": "sha512-+0NTnW77fFN/DjQi6k/Sq/Yvk4Sgajw7urW8V+asjXnRgDs9gyGkdb7EzgfhA4goXsRIZKE28fzIXBHEzhuiWw==",
      "license": "MIT",
      "engines": {
        "node": ">=10.0.0"
      },
      "peerDependencies": {
        "bufferutil": "^4.0.1",
        "utf-8-validate": ">=5.0.2"
      },
      "peerDependenciesMeta": {
        "bufferutil": {
          "optional": true
        },
        "utf-8-validate": {
          "optional": true
        }
      }
    }
  }
}
